
Microsoft Visual Studio Solution File, Format Version 12.00
# Visual Studio Version 17
VisualStudioVersion = 17.2.32602.215
MinimumVisualStudioVersion = 10.0.40219.1
Project("{FAE04EC0-301F-11D3-BF4B-00C04F79EFBC}") = "Fase2_Global", "Fase2_Global\Fase2_Global.csproj", "{BD512E21-2E6B-493B-9AAD-7505F730E220}"
EndProject
Global
	GlobalSection(SolutionConfigurationPlatforms) = preSolution
		Debug|Any CPU = Debug|Any CPU
		Release|Any CPU = Release|Any CPU
	EndGlobalSection
	GlobalSection(ProjectConfigurationPlatforms) = postSolution
		{BD512E21-2E6B-493B-9AAD-7505F730E220}.Debug|Any CPU.ActiveCfg = Debug|Any CPU
		{BD512E21-2E6B-493B-9AAD-7505F730E220}.Debug|Any CPU.Build.0 = Debug|Any CPU
		{BD512E21-2E6B-493B-9AAD-7505F730E220}.Release|Any CPU.ActiveCfg = Release|Any CPU
		{BD512E21-2E6B-493B-9AAD-7505F730E220}.Release|Any CPU.Build.0 = Release|Any CPU
	EndGlobalSection
	GlobalSection(SolutionProperties) = preSolution
		HideSolutionNode = FALSE
	EndGlobalSection
	GlobalSection(ExtensibilityGlobals) = postSolution
		SolutionGuid = {951394D0-9375-4F62-B657-BFBF90E3ACA9}
	EndGlobalSection
EndGlobal
